
Microsoft Visual Studio Solution File, Format Version 12.00
# Visual Studio Version 17
VisualStudioVersion = 17.4.33122.133
MinimumVisualStudioVersion = 10.0.40219.1
Project("{FAE04EC0-301F-11D3-BF4B-00C04F79EFBC}") = "BiPoints.Android", "BiPoints\BiPoints.Android\BiPoints.Android.csproj", "{B168953B-BBFC-44CA-93C9-8122C84FA9F5}"
EndProject
Project("{FAE04EC0-301F-11D3-BF4B-00C04F79EFBC}") = "BiPoints.iOS", "BiPoints\BiPoints.iOS\BiPoints.iOS.csproj", "{0DC0202C-AA37-4BC7-810A-B7C3258186BA}"
EndProject
Project("{FAE04EC0-301F-11D3-BF4B-00C04F79EFBC}") = "BiPoints", "BiPoints\BiPoints\BiPoints.csproj", "{1FB1195B-6DB3-412E-B7AA-9C422C771623}"
EndProject
Global
	GlobalSection(SolutionConfigurationPlatforms) = preSolution
		Debug|Any CPU = Debug|Any CPU
		Debug|iPhone = Debug|iPhone
		Debug|iPhoneSimulator = Debug|iPhoneSimulator
		Release|Any CPU = Release|Any CPU
		Release|iPhone = Release|iPhone
		Release|iPhoneSimulator = Release|iPhoneSimulator
	EndGlobalSection
	GlobalSection(ProjectConfigurationPlatforms) = postSolution
		{B168953B-BBFC-44CA-93C9-8122C84FA9F5}.Debug|Any CPU.ActiveCfg = Debug|Any CPU
		{B168953B-BBFC-44CA-93C9-8122C84FA9F5}.Debug|Any CPU.Build.0 = Debug|Any CPU
		{B168953B-BBFC-44CA-93C9-8122C84FA9F5}.Debug|Any CPU.Deploy.0 = Debug|Any CPU
		{B168953B-BBFC-44CA-93C9-8122C84FA9F5}.Debug|iPhone.ActiveCfg = Debug|Any CPU
		{B168953B-BBFC-44CA-93C9-8122C84FA9F5}.Debug|iPhone.Build.0 = Debug|Any CPU
		{B168953B-BBFC-44CA-93C9-8122C84FA9F5}.Debug|iPhone.Deploy.0 = Debug|Any CPU
		{B168953B-BBFC-44CA-93C9-8122C84FA9F5}.Debug|iPhoneSimulator.ActiveCfg = Debug|Any CPU
		{B168953B-BBFC-44CA-93C9-8122C84FA9F5}.Debug|iPhoneSimulator.Build.0 = Debug|Any CPU
		{B168953B-BBFC-44CA-93C9-8122C84FA9F5}.Debug|iPhoneSimulator.Deploy.0 = Debug|Any CPU
		{B168953B-BBFC-44CA-93C9-8122C84FA9F5}.Release|Any CPU.ActiveCfg = Release|Any CPU
		{B168953B-BBFC-44CA-93C9-8122C84FA9F5}.Release|Any CPU.Build.0 = Release|Any CPU
		{B168953B-BBFC-44CA-93C9-8122C84FA9F5}.Release|Any CPU.Deploy.0 = Release|Any CPU
		{B168953B-BBFC-44CA-93C9-8122C84FA9F5}.Release|iPhone.ActiveCfg = Release|Any CPU
		{B168953B-BBFC-44CA-93C9-8122C84FA9F5}.Release|iPhone.Build.0 = Release|Any CPU
		{B168953B-BBFC-44CA-93C9-8122C84FA9F5}.Release|iPhone.Deploy.0 = Release|Any CPU
		{B168953B-BBFC-44CA-93C9-8122C84FA9F5}.Release|iPhoneSimulator.ActiveCfg = Release|Any CPU
		{B168953B-BBFC-44CA-93C9-8122C84FA9F5}.Release|iPhoneSimulator.Build.0 = Release|Any CPU
		{B168953B-BBFC-44CA-93C9-8122C84FA9F5}.Release|iPhoneSimulator.Deploy.0 = Release|Any CPU
		{0DC0202C-AA37-4BC7-810A-B7C3258186BA}.Debug|Any CPU.ActiveCfg = Debug|iPhone
		{0DC0202C-AA37-4BC7-810A-B7C3258186BA}.Debug|Any CPU.Build.0 = Debug|iPhone
		{0DC0202C-AA37-4BC7-810A-B7C3258186BA}.Debug|Any CPU.Deploy.0 = Debug|iPhone
		{0DC0202C-AA37-4BC7-810A-B7C3258186BA}.Debug|iPhone.ActiveCfg = Debug|iPhone
		{0DC0202C-AA37-4BC7-810A-B7C3258186BA}.Debug|iPhone.Build.0 = Debug|iPhone
		{0DC0202C-AA37-4BC7-810A-B7C3258186BA}.Debug|iPhone.Deploy.0 = Debug|iPhone
		{0DC0202C-AA37-4BC7-810A-B7C3258186BA}.Debug|iPhoneSimulator.ActiveCfg = Debug|iPhoneSimulator
		{0DC0202C-AA37-4BC7-810A-B7C3258186BA}.Debug|iPhoneSimulator.Build.0 = Debug|iPhoneSimulator
		{0DC0202C-AA37-4BC7-810A-B7C3258186BA}.Debug|iPhoneSimulator.Deploy.0 = Debug|iPhoneSimulator
		{0DC0202C-AA37-4BC7-810A-B7C3258186BA}.Release|Any CPU.ActiveCfg = Release|iPhoneSimulator
		{0DC0202C-AA37-4BC7-810A-B7C3258186BA}.Release|Any CPU.Build.0 = Release|iPhoneSimulator
		{0DC0202C-AA37-4BC7-810A-B7C3258186BA}.Release|Any CPU.Deploy.0 = Release|iPhoneSimulator
		{0DC0202C-AA37-4BC7-810A-B7C3258186BA}.Release|iPhone.ActiveCfg = Release|iPhone
		{0DC0202C-AA37-4BC7-810A-B7C3258186BA}.Release|iPhone.Build.0 = Release|iPhone
		{0DC0202C-AA37-4BC7-810A-B7C3258186BA}.Release|iPhone.Deploy.0 = Release|iPhone
		{0DC0202C-AA37-4BC7-810A-B7C3258186BA}.Release|iPhoneSimulator.ActiveCfg = Release|iPhoneSimulator
		{0DC0202C-AA37-4BC7-810A-B7C3258186BA}.Release|iPhoneSimulator.Build.0 = Release|iPhoneSimulator
		{0DC0202C-AA37-4BC7-810A-B7C3258186BA}.Release|iPhoneSimulator.Deploy.0 = Release|iPhoneSimulator
		{1FB1195B-6DB3-412E-B7AA-9C422C771623}.Debug|Any CPU.ActiveCfg = Debug|Any CPU
		{1FB1195B-6DB3-412E-B7AA-9C422C771623}.Debug|Any CPU.Build.0 = Debug|Any CPU
		{1FB1195B-6DB3-412E-B7AA-9C422C771623}.Debug|Any CPU.Deploy.0 = Debug|Any CPU
		{1FB1195B-6DB3-412E-B7AA-9C422C771623}.Debug|iPhone.ActiveCfg = Debug|Any CPU
		{1FB1195B-6DB3-412E-B7AA-9C422C771623}.Debug|iPhone.Build.0 = Debug|Any CPU
		{1FB1195B-6DB3-412E-B7AA-9C422C771623}.Debug|iPhone.Deploy.0 = Debug|Any CPU
		{1FB1195B-6DB3-412E-B7AA-9C422C771623}.Debug|iPhoneSimulator.ActiveCfg = Debug|Any CPU
		{1FB1195B-6DB3-412E-B7AA-9C422C771623}.Debug|iPhoneSimulator.Build.0 = Debug|Any CPU
		{1FB1195B-6DB3-412E-B7AA-9C422C771623}.Debug|iPhoneSimulator.Deploy.0 = Debug|Any CPU
		{1FB1195B-6DB3-412E-B7AA-9C422C771623}.Release|Any CPU.ActiveCfg = Release|Any CPU
		{1FB1195B-6DB3-412E-B7AA-9C422C771623}.Release|Any CPU.Build.0 = Release|Any CPU
		{1FB1195B-6DB3-412E-B7AA-9C422C771623}.Release|Any CPU.Deploy.0 = Release|Any CPU
		{1FB1195B-6DB3-412E-B7AA-9C422C771623}.Release|iPhone.ActiveCfg = Release|Any CPU
		{1FB1195B-6DB3-412E-B7AA-9C422C771623}.Release|iPhone.Build.0 = Release|Any CPU
		{1FB1195B-6DB3-412E-B7AA-9C422C771623}.Release|iPhone.Deploy.0 = Release|Any CPU
		{1FB1195B-6DB3-412E-B7AA-9C422C771623}.Release|iPhoneSimulator.ActiveCfg = Release|Any CPU
		{1FB1195B-6DB3-412E-B7AA-9C422C771623}.Release|iPhoneSimulator.Build.0 = Release|Any CPU
		{1FB1195B-6DB3-412E-B7AA-9C422C771623}.Release|iPhoneSimulator.Deploy.0 = Release|Any CPU
	EndGlobalSection
	GlobalSection(SolutionProperties) = preSolution
		HideSolutionNode = FALSE
	EndGlobalSection
	GlobalSection(ExtensibilityGlobals) = postSolution
		SolutionGuid = {F8E2FD69-9522-4471-8DC9-9D97127B2447}
	EndGlobalSection
EndGlobal
